
Microsoft Visual Studio Solution File, Format Version 12.00
# Visual Studio Version 17
VisualStudioVersion = 17.9.34701.34
MinimumVisualStudioVersion = 10.0.40219.1
Project("{FAE04EC0-301F-11D3-BF4B-00C04F79EFBC}") = "Workspace", "Workspace\Workspace.csproj", "{4081EA33-C42B-411A-B874-AA5465BA03E0}"
EndProject
Project("{FAE04EC0-301F-11D3-BF4B-00C04F79EFBC}") = "Entities", "Entities\Entities.csproj", "{F05CA105-B593-4A3D-BD12-2AC1158A7FCF}"
EndProject
Project("{FAE04EC0-301F-11D3-BF4B-00C04F79EFBC}") = "Business", "Business\Business.csproj", "{FAFD70C3-9049-4AF5-903B-B2168A532E3A}"
EndProject
Global
	GlobalSection(SolutionConfigurationPlatforms) = preSolution
		Debug|Any CPU = Debug|Any CPU
		Release|Any CPU = Release|Any CPU
	EndGlobalSection
	GlobalSection(ProjectConfigurationPlatforms) = postSolution
		{4081EA33-C42B-411A-B874-AA5465BA03E0}.Debug|Any CPU.ActiveCfg = Debug|Any CPU
		{4081EA33-C42B-411A-B874-AA5465BA03E0}.Debug|Any CPU.Build.0 = Debug|Any CPU
		{4081EA33-C42B-411A-B874-AA5465BA03E0}.Release|Any CPU.ActiveCfg = Release|Any CPU
		{4081EA33-C42B-411A-B874-AA5465BA03E0}.Release|Any CPU.Build.0 = Release|Any CPU
		{F05CA105-B593-4A3D-BD12-2AC1158A7FCF}.Debug|Any CPU.ActiveCfg = Debug|Any CPU
		{F05CA105-B593-4A3D-BD12-2AC1158A7FCF}.Debug|Any CPU.Build.0 = Debug|Any CPU
		{F05CA105-B593-4A3D-BD12-2AC1158A7FCF}.Release|Any CPU.ActiveCfg = Release|Any CPU
		{F05CA105-B593-4A3D-BD12-2AC1158A7FCF}.Release|Any CPU.Build.0 = Release|Any CPU
		{FAFD70C3-9049-4AF5-903B-B2168A532E3A}.Debug|Any CPU.ActiveCfg = Debug|Any CPU
		{FAFD70C3-9049-4AF5-903B-B2168A532E3A}.Debug|Any CPU.Build.0 = Debug|Any CPU
		{FAFD70C3-9049-4AF5-903B-B2168A532E3A}.Release|Any CPU.ActiveCfg = Release|Any CPU
		{FAFD70C3-9049-4AF5-903B-B2168A532E3A}.Release|Any CPU.Build.0 = Release|Any CPU
	EndGlobalSection
	GlobalSection(SolutionProperties) = preSolution
		HideSolutionNode = FALSE
	EndGlobalSection
	GlobalSection(ExtensibilityGlobals) = postSolution
		SolutionGuid = {543AEB03-F8A4-49A5-80B1-C205804D852D}
	EndGlobalSection
EndGlobal
